// !$*UTF8*$!
{
	archiveVersion = 1;
	classes = {
	};
	objectVersion = 77;
	objects = {

/* Begin PBXBuildFile section */
		82AF98DA2DAACAB0007B76D1 /* Foundation.framework in Frameworks */ = {isa = PBXBuildFile; fileRef = 82AF98D92DAACAB0007B76D1 /* Foundation.framework */; };
		82AF98DC2DAACAB7007B76D1 /* AppKit.framework in Frameworks */ = {isa = PBXBuildFile; fileRef = 82AF98DB2DAACAB7007B76D1 /* AppKit.framework */; };
		82AF98DE2DAACABC007B76D1 /* Metal.framework in Frameworks */ = {isa = PBXBuildFile; fileRef = 82AF98DD2DAACABC007B76D1 /* Metal.framework */; };
		82AF98E02DAACAC0007B76D1 /* MetalKit.framework in Frameworks */ = {isa = PBXBuildFile; fileRef = 82AF98DF2DAACAC0007B76D1 /* MetalKit.framework */; };
		82AF98FB2DACD225007B76D1 /* QuartzCore.framework in Frameworks */ = {isa = PBXBuildFile; fileRef = 82AF98FA2DACD225007B76D1 /* QuartzCore.framework */; };
		82C86B522DACDD7500E3A308 /* libSDL2-2.0.0.dylib in Frameworks */ = {isa = PBXBuildFile; fileRef = 82C86B512DACDD7500E3A308 /* libSDL2-2.0.0.dylib */; };
/* End PBXBuildFile section */

/* Begin PBXCopyFilesBuildPhase section */
		82AF98C42DAAC927007B76D1 /* CopyFiles */ = {
			isa = PBXCopyFilesBuildPhase;
			buildActionMask = 2147483647;
			dstPath = /usr/share/man/man1/;
			dstSubfolderSpec = 0;
			files = (
			);
			runOnlyForDeploymentPostprocessing = 1;
		};
/* End PBXCopyFilesBuildPhase section */

/* Begin PBXFileReference section */
		82AF98C62DAAC927007B76D1 /* Simulation */ = {isa = PBXFileReference; explicitFileType = "compiled.mach-o.executable"; includeInIndex = 0; path = Simulation; sourceTree = BUILT_PRODUCTS_DIR; };
		82AF98D92DAACAB0007B76D1 /* Foundation.framework */ = {isa = PBXFileReference; lastKnownFileType = wrapper.framework; name = Foundation.framework; path = System/Library/Frameworks/Foundation.framework; sourceTree = SDKROOT; };
		82AF98DB2DAACAB7007B76D1 /* AppKit.framework */ = {isa = PBXFileReference; lastKnownFileType = wrapper.framework; name = AppKit.framework; path = System/Library/Frameworks/AppKit.framework; sourceTree = SDKROOT; };
		82AF98DD2DAACABC007B76D1 /* Metal.framework */ = {isa = PBXFileReference; lastKnownFileType = wrapper.framework; name = Metal.framework; path = System/Library/Frameworks/Metal.framework; sourceTree = SDKROOT; };
		82AF98DF2DAACAC0007B76D1 /* MetalKit.framework */ = {isa = PBXFileReference; lastKnownFileType = wrapper.framework; name = MetalKit.framework; path = System/Library/Frameworks/MetalKit.framework; sourceTree = SDKROOT; };
		82AF98FA2DACD225007B76D1 /* QuartzCore.framework */ = {isa = PBXFileReference; lastKnownFileType = wrapper.framework; name = QuartzCore.framework; path = System/Library/Frameworks/QuartzCore.framework; sourceTree = SDKROOT; };
		82C86B512DACDD7500E3A308 /* libSDL2-2.0.0.dylib */ = {isa = PBXFileReference; lastKnownFileType = "compiled.mach-o.dylib"; name = "libSDL2-2.0.0.dylib"; path = "../../../../opt/homebrew/Cellar/sdl2/2.30.9/lib/libSDL2-2.0.0.dylib"; sourceTree = "<group>"; };
/* End PBXFileReference section */

/* Begin PBXFileSystemSynchronizedBuildFileExceptionSet section */
		82C86ADB2DACDC0000E3A308 /* Exceptions for "App" folder in "Simulation" target */ = {
			isa = PBXFileSystemSynchronizedBuildFileExceptionSet;
			membershipExceptions = (
				App.cpp,
				main.cpp,
			);
			target = 82AF98C52DAAC927007B76D1 /* Simulation */;
		};
		82C86B552DAD289D00E3A308 /* Exceptions for "Renderer" folder in "Simulation" target */ = {
			isa = PBXFileSystemSynchronizedBuildFileExceptionSet;
			membershipExceptions = (
				Camera.cpp,
				Primitives/Cube.cpp,
				Primitives/Triangle.cpp,
				Renderer.cpp,
				Shaders/Shaders.metal,
			);
			target = 82AF98C52DAAC927007B76D1 /* Simulation */;
		};
		82C86B6C2DAD643500E3A308 /* Exceptions for "Utility" folder in "Simulation" target */ = {
			isa = PBXFileSystemSynchronizedBuildFileExceptionSet;
			membershipExceptions = (
				Keyboard.cpp,
				MathUtilities.cpp,
				Mouse.cpp,
			);
			target = 82AF98C52DAAC927007B76D1 /* Simulation */;
		};
/* End PBXFileSystemSynchronizedBuildFileExceptionSet section */

/* Begin PBXFileSystemSynchronizedGroupBuildPhaseMembershipExceptionSet section */
		82C86B562DAD289D00E3A308 /* Exceptions for "Renderer" folder in "Compile Sources" phase from "Simulation" target */ = {
			isa = PBXFileSystemSynchronizedGroupBuildPhaseMembershipExceptionSet;
			buildPhase = 82AF98C22DAAC927007B76D1 /* Sources */;
			membershipExceptions = (
				Camera.h,
				Primitives/Cube.h,
				Primitives/Triangle.h,
				Renderer.h,
			);
		};
		82C86B582DAD28C400E3A308 /* Exceptions for "App" folder in "Compile Sources" phase from "Simulation" target */ = {
			isa = PBXFileSystemSynchronizedGroupBuildPhaseMembershipExceptionSet;
			buildPhase = 82AF98C22DAAC927007B76D1 /* Sources */;
			membershipExceptions = (
				App.h,
				MetalConfig.h,
			);
		};
		82C86B6D2DAD643500E3A308 /* Exceptions for "Utility" folder in "Compile Sources" phase from "Simulation" target */ = {
			isa = PBXFileSystemSynchronizedGroupBuildPhaseMembershipExceptionSet;
			buildPhase = 82AF98C22DAAC927007B76D1 /* Sources */;
			membershipExceptions = (
				Keyboard.h,
				MathUtilities.h,
				Mouse.h,
			);
		};
/* End PBXFileSystemSynchronizedGroupBuildPhaseMembershipExceptionSet section */

/* Begin PBXFileSystemSynchronizedRootGroup section */
		82AF98D02DAAC94F007B76D1 /* App */ = {
			isa = PBXFileSystemSynchronizedRootGroup;
			exceptions = (
				82C86ADB2DACDC0000E3A308 /* Exceptions for "App" folder in "Simulation" target */,
				82C86B582DAD28C400E3A308 /* Exceptions for "App" folder in "Compile Sources" phase from "Simulation" target */,
			);
			path = App;
			sourceTree = "<group>";
		};
		82AF98D22DAAC95F007B76D1 /* Renderer */ = {
			isa = PBXFileSystemSynchronizedRootGroup;
			exceptions = (
				82C86B552DAD289D00E3A308 /* Exceptions for "Renderer" folder in "Simulation" target */,
				82C86B562DAD289D00E3A308 /* Exceptions for "Renderer" folder in "Compile Sources" phase from "Simulation" target */,
			);
			path = Renderer;
			sourceTree = "<group>";
		};
		82AF98D42DAAC98F007B76D1 /* Simulations */ = {
			isa = PBXFileSystemSynchronizedRootGroup;
			path = Simulations;
			sourceTree = "<group>";
		};
		82C86AD82DACDAC900E3A308 /* metal-cpp */ = {
			isa = PBXFileSystemSynchronizedRootGroup;
			path = "metal-cpp";
			sourceTree = "<group>";
		};
		82C86B672DAD5F0000E3A308 /* Utility */ = {
			isa = PBXFileSystemSynchronizedRootGroup;
			exceptions = (
				82C86B6C2DAD643500E3A308 /* Exceptions for "Utility" folder in "Simulation" target */,
				82C86B6D2DAD643500E3A308 /* Exceptions for "Utility" folder in "Compile Sources" phase from "Simulation" target */,
			);
			path = Utility;
			sourceTree = "<group>";
		};
/* End PBXFileSystemSynchronizedRootGroup section */

/* Begin PBXFrameworksBuildPhase section */
		82AF98C32DAAC927007B76D1 /* Frameworks */ = {
			isa = PBXFrameworksBuildPhase;
			buildActionMask = 2147483647;
			files = (
				82C86B522DACDD7500E3A308 /* libSDL2-2.0.0.dylib in Frameworks */,
				82AF98FB2DACD225007B76D1 /* QuartzCore.framework in Frameworks */,
				82AF98DA2DAACAB0007B76D1 /* Foundation.framework in Frameworks */,
				82AF98E02DAACAC0007B76D1 /* MetalKit.framework in Frameworks */,
				82AF98DE2DAACABC007B76D1 /* Metal.framework in Frameworks */,
				82AF98DC2DAACAB7007B76D1 /* AppKit.framework in Frameworks */,
			);
			runOnlyForDeploymentPostprocessing = 0;
		};
/* End PBXFrameworksBuildPhase section */

/* Begin PBXGroup section */
		82AF98BD2DAAC927007B76D1 = {
			isa = PBXGroup;
			children = (
				82AF98D02DAAC94F007B76D1 /* App */,
				82AF98D22DAAC95F007B76D1 /* Renderer */,
				82AF98D42DAAC98F007B76D1 /* Simulations */,
				82C86B672DAD5F0000E3A308 /* Utility */,
				82C86AD82DACDAC900E3A308 /* metal-cpp */,
				82AF98D82DAACAB0007B76D1 /* Frameworks */,
				82AF98C72DAAC927007B76D1 /* Products */,
			);
			sourceTree = "<group>";
		};
		82AF98C72DAAC927007B76D1 /* Products */ = {
			isa = PBXGroup;
			children = (
				82AF98C62DAAC927007B76D1 /* Simulation */,
			);
			name = Products;
			sourceTree = "<group>";
		};
		82AF98D82DAACAB0007B76D1 /* Frameworks */ = {
			isa = PBXGroup;
			children = (
				82C86B512DACDD7500E3A308 /* libSDL2-2.0.0.dylib */,
				82AF98FA2DACD225007B76D1 /* QuartzCore.framework */,
				82AF98DF2DAACAC0007B76D1 /* MetalKit.framework */,
				82AF98DD2DAACABC007B76D1 /* Metal.framework */,
				82AF98DB2DAACAB7007B76D1 /* AppKit.framework */,
				82AF98D92DAACAB0007B76D1 /* Foundation.framework */,
			);
			name = Frameworks;
			sourceTree = "<group>";
		};
/* End PBXGroup section */

/* Begin PBXNativeTarget section */
		82AF98C52DAAC927007B76D1 /* Simulation */ = {
			isa = PBXNativeTarget;
			buildConfigurationList = 82AF98CD2DAAC927007B76D1 /* Build configuration list for PBXNativeTarget "Simulation" */;
			buildPhases = (
				82AF98C22DAAC927007B76D1 /* Sources */,
				82AF98C32DAAC927007B76D1 /* Frameworks */,
				82AF98C42DAAC927007B76D1 /* CopyFiles */,
			);
			buildRules = (
			);
			dependencies = (
			);
			name = Simulation;
			packageProductDependencies = (
			);
			productName = Simulation;
			productReference = 82AF98C62DAAC927007B76D1 /* Simulation */;
			productType = "com.apple.product-type.tool";
		};
/* End PBXNativeTarget section */

/* Begin PBXProject section */
		82AF98BE2DAAC927007B76D1 /* Project object */ = {
			isa = PBXProject;
			attributes = {
				BuildIndependentTargetsInParallel = 1;
				LastUpgradeCheck = 1620;
				TargetAttributes = {
					82AF98C52DAAC927007B76D1 = {
						CreatedOnToolsVersion = 16.2;
					};
				};
			};
			buildConfigurationList = 82AF98C12DAAC927007B76D1 /* Build configuration list for PBXProject "Simulation" */;
			developmentRegion = en;
			hasScannedForEncodings = 0;
			knownRegions = (
				en,
				Base,
			);
			mainGroup = 82AF98BD2DAAC927007B76D1;
			minimizedProjectReferenceProxies = 1;
			preferredProjectObjectVersion = 77;
			productRefGroup = 82AF98C72DAAC927007B76D1 /* Products */;
			projectDirPath = "";
			projectRoot = "";
			targets = (
				82AF98C52DAAC927007B76D1 /* Simulation */,
			);
		};
/* End PBXProject section */

/* Begin PBXSourcesBuildPhase section */
		82AF98C22DAAC927007B76D1 /* Sources */ = {
			isa = PBXSourcesBuildPhase;
			buildActionMask = 2147483647;
			files = (
			);
			runOnlyForDeploymentPostprocessing = 0;
		};
/* End PBXSourcesBuildPhase section */

/* Begin XCBuildConfiguration section */
		82AF98CB2DAAC927007B76D1 /* Debug */ = {
			isa = XCBuildConfiguration;
			buildSettings = {
				ALWAYS_SEARCH_USER_PATHS = NO;
				ASSETCATALOG_COMPILER_GENERATE_SWIFT_ASSET_SYMBOL_EXTENSIONS = YES;
				CLANG_ANALYZER_NONNULL = YES;
				CLANG_ANALYZER_NUMBER_OBJECT_CONVERSION = YES_AGGRESSIVE;
				CLANG_CXX_LANGUAGE_STANDARD = "gnu++20";
				CLANG_ENABLE_MODULES = YES;
				CLANG_ENABLE_OBJC_ARC = YES;
				CLANG_ENABLE_OBJC_WEAK = YES;
				CLANG_WARN_BLOCK_CAPTURE_AUTORELEASING = YES;
				CLANG_WARN_BOOL_CONVERSION = YES;
				CLANG_WARN_COMMA = YES;
				CLANG_WARN_CONSTANT_CONVERSION = YES;
				CLANG_WARN_DEPRECATED_OBJC_IMPLEMENTATIONS = YES;
				CLANG_WARN_DIRECT_OBJC_ISA_USAGE = YES_ERROR;
				CLANG_WARN_DOCUMENTATION_COMMENTS = YES;
				CLANG_WARN_EMPTY_BODY = YES;
				CLANG_WARN_ENUM_CONVERSION = YES;
				CLANG_WARN_INFINITE_RECURSION = YES;
				CLANG_WARN_INT_CONVERSION = YES;
				CLANG_WARN_NON_LITERAL_NULL_CONVERSION = YES;
				CLANG_WARN_OBJC_IMPLICIT_RETAIN_SELF = YES;
				CLANG_WARN_OBJC_LITERAL_CONVERSION = YES;
				CLANG_WARN_OBJC_ROOT_CLASS = YES_ERROR;
				CLANG_WARN_QUOTED_INCLUDE_IN_FRAMEWORK_HEADER = YES;
				CLANG_WARN_RANGE_LOOP_ANALYSIS = YES;
				CLANG_WARN_STRICT_PROTOTYPES = YES;
				CLANG_WARN_SUSPICIOUS_MOVE = YES;
				CLANG_WARN_UNGUARDED_AVAILABILITY = YES_AGGRESSIVE;
				CLANG_WARN_UNREACHABLE_CODE = YES;
				CLANG_WARN__DUPLICATE_METHOD_MATCH = YES;
				COPY_PHASE_STRIP = NO;
				DEBUG_INFORMATION_FORMAT = dwarf;
				ENABLE_STRICT_OBJC_MSGSEND = YES;
				ENABLE_TESTABILITY = YES;
				ENABLE_USER_SCRIPT_SANDBOXING = YES;
				GCC_C_LANGUAGE_STANDARD = gnu17;
				GCC_DYNAMIC_NO_PIC = NO;
				GCC_NO_COMMON_BLOCKS = YES;
				GCC_OPTIMIZATION_LEVEL = 0;
				GCC_PREPROCESSOR_DEFINITIONS = (
					"DEBUG=1",
					"$(inherited)",
				);
				GCC_WARN_64_TO_32_BIT_CONVERSION = YES;
				GCC_WARN_ABOUT_RETURN_TYPE = YES_ERROR;
				GCC_WARN_UNDECLARED_SELECTOR = YES;
				GCC_WARN_UNINITIALIZED_AUTOS = YES_AGGRESSIVE;
				GCC_WARN_UNUSED_FUNCTION = YES;
				GCC_WARN_UNUSED_VARIABLE = YES;
				LOCALIZATION_PREFERS_STRING_CATALOGS = YES;
				MACOSX_DEPLOYMENT_TARGET = 15.2;
				MTL_ENABLE_DEBUG_INFO = INCLUDE_SOURCE;
				MTL_FAST_MATH = YES;
				ONLY_ACTIVE_ARCH = YES;
				SDKROOT = macosx;
			};
			name = Debug;
		};
		82AF98CC2DAAC927007B76D1 /* Release */ = {
			isa = XCBuildConfiguration;
			buildSettings = {
				ALWAYS_SEARCH_USER_PATHS = NO;
				ASSETCATALOG_COMPILER_GENERATE_SWIFT_ASSET_SYMBOL_EXTENSIONS = YES;
				CLANG_ANALYZER_NONNULL = YES;
				CLANG_ANALYZER_NUMBER_OBJECT_CONVERSION = YES_AGGRESSIVE;
				CLANG_CXX_LANGUAGE_STANDARD = "gnu++20";
				CLANG_ENABLE_MODULES = YES;
				CLANG_ENABLE_OBJC_ARC = YES;
				CLANG_ENABLE_OBJC_WEAK = YES;
				CLANG_WARN_BLOCK_CAPTURE_AUTORELEASING = YES;
				CLANG_WARN_BOOL_CONVERSION = YES;
				CLANG_WARN_COMMA = YES;
				CLANG_WARN_CONSTANT_CONVERSION = YES;
				CLANG_WARN_DEPRECATED_OBJC_IMPLEMENTATIONS = YES;
				CLANG_WARN_DIRECT_OBJC_ISA_USAGE = YES_ERROR;
				CLANG_WARN_DOCUMENTATION_COMMENTS = YES;
				CLANG_WARN_EMPTY_BODY = YES;
				CLANG_WARN_ENUM_CONVERSION = YES;
				CLANG_WARN_INFINITE_RECURSION = YES;
				CLANG_WARN_INT_CONVERSION = YES;
				CLANG_WARN_NON_LITERAL_NULL_CONVERSION = YES;
				CLANG_WARN_OBJC_IMPLICIT_RETAIN_SELF = YES;
				CLANG_WARN_OBJC_LITERAL_CONVERSION = YES;
				CLANG_WARN_OBJC_ROOT_CLASS = YES_ERROR;
				CLANG_WARN_QUOTED_INCLUDE_IN_FRAMEWORK_HEADER = YES;
				CLANG_WARN_RANGE_LOOP_ANALYSIS = YES;
				CLANG_WARN_STRICT_PROTOTYPES = YES;
				CLANG_WARN_SUSPICIOUS_MOVE = YES;
				CLANG_WARN_UNGUARDED_AVAILABILITY = YES_AGGRESSIVE;
				CLANG_WARN_UNREACHABLE_CODE = YES;
				CLANG_WARN__DUPLICATE_METHOD_MATCH = YES;
				COPY_PHASE_STRIP = NO;
				DEBUG_INFORMATION_FORMAT = "dwarf-with-dsym";
				ENABLE_NS_ASSERTIONS = NO;
				ENABLE_STRICT_OBJC_MSGSEND = YES;
				ENABLE_USER_SCRIPT_SANDBOXING = YES;
				GCC_C_LANGUAGE_STANDARD = gnu17;
				GCC_NO_COMMON_BLOCKS = YES;
				GCC_WARN_64_TO_32_BIT_CONVERSION = YES;
				GCC_WARN_ABOUT_RETURN_TYPE = YES_ERROR;
				GCC_WARN_UNDECLARED_SELECTOR = YES;
				GCC_WARN_UNINITIALIZED_AUTOS = YES_AGGRESSIVE;
				GCC_WARN_UNUSED_FUNCTION = YES;
				GCC_WARN_UNUSED_VARIABLE = YES;
				LOCALIZATION_PREFERS_STRING_CATALOGS = YES;
				MACOSX_DEPLOYMENT_TARGET = 15.2;
				MTL_ENABLE_DEBUG_INFO = NO;
				MTL_FAST_MATH = YES;
				SDKROOT = macosx;
			};
			name = Release;
		};
		82AF98CE2DAAC927007B76D1 /* Debug */ = {
			isa = XCBuildConfiguration;
			buildSettings = {
				CODE_SIGN_STYLE = Automatic;
				HEADER_SEARCH_PATHS = (
					/opt/homebrew/Cellar/sdl2/2.30.9/include/SDL2,
					"${PROJECT_DIR}/metal-cpp",
					"${PROJECT_DIR}/Renderer",
					"${PROJECT_DIR}/Utility",
					"${PROJECT_DIR}/App",
				);
				LIBRARY_SEARCH_PATHS = (
					"$(inherited)",
					/opt/homebrew/Cellar/sdl2/2.30.9/lib,
				);
				PRODUCT_NAME = "$(TARGET_NAME)";
			};
			name = Debug;
		};
		82AF98CF2DAAC927007B76D1 /* Release */ = {
			isa = XCBuildConfiguration;
			buildSettings = {
				CODE_SIGN_STYLE = Automatic;
				HEADER_SEARCH_PATHS = (
					/opt/homebrew/Cellar/sdl2/2.30.9/include/SDL2,
					"${PROJECT_DIR}/metal-cpp",
					"${PROJECT_DIR}/Renderer",
					"${PROJECT_DIR}/Utility",
					"${PROJECT_DIR}/App",
				);
				LIBRARY_SEARCH_PATHS = (
					"$(inherited)",
					/opt/homebrew/Cellar/sdl2/2.30.9/lib,
				);
				PRODUCT_NAME = "$(TARGET_NAME)";
			};
			name = Release;
		};
/* End XCBuildConfiguration section */

/* Begin XCConfigurationList section */
		82AF98C12DAAC927007B76D1 /* Build configuration list for PBXProject "Simulation" */ = {
			isa = XCConfigurationList;
			buildConfigurations = (
				82AF98CB2DAAC927007B76D1 /* Debug */,
				82AF98CC2DAAC927007B76D1 /* Release */,
			);
			defaultConfigurationIsVisible = 0;
			defaultConfigurationName = Release;
		};
		82AF98CD2DAAC927007B76D1 /* Build configuration list for PBXNativeTarget "Simulation" */ = {
			isa = XCConfigurationList;
			buildConfigurations = (
				82AF98CE2DAAC927007B76D1 /* Debug */,
				82AF98CF2DAAC927007B76D1 /* Release */,
			);
			defaultConfigurationIsVisible = 0;
			defaultConfigurationName = Release;
		};
/* End XCConfigurationList section */
	};
	rootObject = 82AF98BE2DAAC927007B76D1 /* Project object */;
}
